// !$*UTF8*$!
{
	archiveVersion = 1;
	classes = {
	};
	objectVersion = 55;
	objects = {

/* Begin PBXBuildFile section */
		0F4A6DAD276BA4A30064FFEC /* DoNotDisturb.swift in Sources */ = {isa = PBXBuildFile; fileRef = 0F4A6DAC276BA4A30064FFEC /* DoNotDisturb.swift */; };
		0F5DBE20276C51500003BDA2 /* ContentView.swift in Sources */ = {isa = PBXBuildFile; fileRef = 50D76E7F276B7C06007EF640 /* ContentView.swift */; };
		0F5DBE21276C51500003BDA2 /* FishUpgradeApp.swift in Sources */ = {isa = PBXBuildFile; fileRef = 50D76E7D276B7C06007EF640 /* FishUpgradeApp.swift */; };
		0F5DBE22276C51500003BDA2 /* NoSleep.swift in Sources */ = {isa = PBXBuildFile; fileRef = 50CBC2E0276B94B0009733FF /* NoSleep.swift */; };
		0F5DBE23276C51500003BDA2 /* FishWindow.swift in Sources */ = {isa = PBXBuildFile; fileRef = 508215A0276B901200D3A252 /* FishWindow.swift */; };
		0F5DBE27276C51500003BDA2 /* Assets.xcassets in Resources */ = {isa = PBXBuildFile; fileRef = 50D76E81276B7C07007EF640 /* Assets.xcassets */; };
		0F5DBE2E276C52CD0003BDA2 /* macos-focus-mode.shortcut in Resources */ = {isa = PBXBuildFile; fileRef = 0F5DBE2D276C52CD0003BDA2 /* macos-focus-mode.shortcut */; };
		0F5DBE2F276C52CD0003BDA2 /* macos-focus-mode.shortcut in Resources */ = {isa = PBXBuildFile; fileRef = 0F5DBE2D276C52CD0003BDA2 /* macos-focus-mode.shortcut */; };
		0F5DBE37276C55F10003BDA2 /* AuxiliaryExecute in Frameworks */ = {isa = PBXBuildFile; productRef = 0F5DBE36276C55F10003BDA2 /* AuxiliaryExecute */; };
		0FF99B40276C6687007A2B7A /* BlankWindow.swift in Sources */ = {isa = PBXBuildFile; fileRef = 0FF99B3F276C6687007A2B7A /* BlankWindow.swift */; };
		0FF99B41276C6687007A2B7A /* BlankWindow.swift in Sources */ = {isa = PBXBuildFile; fileRef = 0FF99B3F276C6687007A2B7A /* BlankWindow.swift */; };
		508215A1276B901200D3A252 /* FishWindow.swift in Sources */ = {isa = PBXBuildFile; fileRef = 508215A0276B901200D3A252 /* FishWindow.swift */; };
		50CBC2E1276B94B0009733FF /* NoSleep.swift in Sources */ = {isa = PBXBuildFile; fileRef = 50CBC2E0276B94B0009733FF /* NoSleep.swift */; };
		50D76E7E276B7C06007EF640 /* FishUpgradeApp.swift in Sources */ = {isa = PBXBuildFile; fileRef = 50D76E7D276B7C06007EF640 /* FishUpgradeApp.swift */; };
		50D76E80276B7C06007EF640 /* ContentView.swift in Sources */ = {isa = PBXBuildFile; fileRef = 50D76E7F276B7C06007EF640 /* ContentView.swift */; };
		50D76E82276B7C07007EF640 /* Assets.xcassets in Resources */ = {isa = PBXBuildFile; fileRef = 50D76E81276B7C07007EF640 /* Assets.xcassets */; };
		CCCC6CEB276C9C3D00E244DA /* enable_dnd_big_sur.sh in Resources */ = {isa = PBXBuildFile; fileRef = CCCC6CE9276C9C3D00E244DA /* enable_dnd_big_sur.sh */; };
		CCCC6CEC276C9C3D00E244DA /* disable_dnd_big_sur.sh in Resources */ = {isa = PBXBuildFile; fileRef = CCCC6CEA276C9C3D00E244DA /* disable_dnd_big_sur.sh */; };
		CCCC6CEE276C9C7800E244DA /* check_dnd_status_big_sur.sh in Resources */ = {isa = PBXBuildFile; fileRef = CCCC6CED276C9C7800E244DA /* check_dnd_status_big_sur.sh */; };
/* End PBXBuildFile section */

/* Begin PBXFileReference section */
		0F4A6DAC276BA4A30064FFEC /* DoNotDisturb.swift */ = {isa = PBXFileReference; lastKnownFileType = sourcecode.swift; path = DoNotDisturb.swift; sourceTree = "<group>"; };
		0F5DBE2B276C51500003BDA2 /* FishUpgradeStore.app */ = {isa = PBXFileReference; explicitFileType = wrapper.application; includeInIndex = 0; path = FishUpgradeStore.app; sourceTree = BUILT_PRODUCTS_DIR; };
		0F5DBE2C276C52080003BDA2 /* FishUpgradeStore.entitlements */ = {isa = PBXFileReference; lastKnownFileType = text.plist.entitlements; path = FishUpgradeStore.entitlements; sourceTree = "<group>"; };
		0F5DBE2D276C52CD0003BDA2 /* macos-focus-mode.shortcut */ = {isa = PBXFileReference; lastKnownFileType = file; path = "macos-focus-mode.shortcut"; sourceTree = "<group>"; };
		0FF99B3F276C6687007A2B7A /* BlankWindow.swift */ = {isa = PBXFileReference; lastKnownFileType = sourcecode.swift; path = BlankWindow.swift; sourceTree = "<group>"; };
		508215A0276B901200D3A252 /* FishWindow.swift */ = {isa = PBXFileReference; lastKnownFileType = sourcecode.swift; path = FishWindow.swift; sourceTree = "<group>"; };
		50CBC2E0276B94B0009733FF /* NoSleep.swift */ = {isa = PBXFileReference; lastKnownFileType = sourcecode.swift; path = NoSleep.swift; sourceTree = "<group>"; };
		50D76E7A276B7C06007EF640 /* FishUpgrade.app */ = {isa = PBXFileReference; explicitFileType = wrapper.application; includeInIndex = 0; path = FishUpgrade.app; sourceTree = BUILT_PRODUCTS_DIR; };
		50D76E7D276B7C06007EF640 /* FishUpgradeApp.swift */ = {isa = PBXFileReference; lastKnownFileType = sourcecode.swift; path = FishUpgradeApp.swift; sourceTree = "<group>"; };
		50D76E7F276B7C06007EF640 /* ContentView.swift */ = {isa = PBXFileReference; lastKnownFileType = sourcecode.swift; path = ContentView.swift; sourceTree = "<group>"; };
		50D76E81276B7C07007EF640 /* Assets.xcassets */ = {isa = PBXFileReference; lastKnownFileType = folder.assetcatalog; path = Assets.xcassets; sourceTree = "<group>"; };
		50D76E86276B7C07007EF640 /* FishUpgrade.entitlements */ = {isa = PBXFileReference; lastKnownFileType = text.plist.entitlements; path = FishUpgrade.entitlements; sourceTree = "<group>"; };
		CC731224276CA2750088C06F /* FishUpgradeStore-Info.plist */ = {isa = PBXFileReference; lastKnownFileType = text.plist; path = "FishUpgradeStore-Info.plist"; sourceTree = "<group>"; };
		CCCC6CE9276C9C3D00E244DA /* enable_dnd_big_sur.sh */ = {isa = PBXFileReference; fileEncoding = 4; lastKnownFileType = text.script.sh; path = enable_dnd_big_sur.sh; sourceTree = "<group>"; };
		CCCC6CEA276C9C3D00E244DA /* disable_dnd_big_sur.sh */ = {isa = PBXFileReference; fileEncoding = 4; lastKnownFileType = text.script.sh; path = disable_dnd_big_sur.sh; sourceTree = "<group>"; };
		CCCC6CED276C9C7800E244DA /* check_dnd_status_big_sur.sh */ = {isa = PBXFileReference; fileEncoding = 4; lastKnownFileType = text.script.sh; path = check_dnd_status_big_sur.sh; sourceTree = "<group>"; };
/* End PBXFileReference section */

/* Begin PBXFrameworksBuildPhase section */
		0F5DBE24276C51500003BDA2 /* Frameworks */ = {
			isa = PBXFrameworksBuildPhase;
			buildActionMask = 2147483647;
			files = (
			);
			runOnlyForDeploymentPostprocessing = 0;
		};
		50D76E77276B7C06007EF640 /* Frameworks */ = {
			isa = PBXFrameworksBuildPhase;
			buildActionMask = 2147483647;
			files = (
				0F5DBE37276C55F10003BDA2 /* AuxiliaryExecute in Frameworks */,
			);
			runOnlyForDeploymentPostprocessing = 0;
		};
/* End PBXFrameworksBuildPhase section */

/* Begin PBXGroup section */
		0F5DBE33276C55BA0003BDA2 /* Frameworks */ = {
			isa = PBXGroup;
			children = (
			);
			name = Frameworks;
			sourceTree = "<group>";
		};
		50D76E71276B7C06007EF640 = {
			isa = PBXGroup;
			children = (
				CC731224276CA2750088C06F /* FishUpgradeStore-Info.plist */,
				50D76E7C276B7C06007EF640 /* FishUpgrade */,
				50D76E7B276B7C06007EF640 /* Products */,
				0F5DBE33276C55BA0003BDA2 /* Frameworks */,
			);
			sourceTree = "<group>";
		};
		50D76E7B276B7C06007EF640 /* Products */ = {
			isa = PBXGroup;
			children = (
				50D76E7A276B7C06007EF640 /* FishUpgrade.app */,
				0F5DBE2B276C51500003BDA2 /* FishUpgradeStore.app */,
			);
			name = Products;
			sourceTree = "<group>";
		};
		50D76E7C276B7C06007EF640 /* FishUpgrade */ = {
			isa = PBXGroup;
			children = (
				50D76E7D276B7C06007EF640 /* FishUpgradeApp.swift */,
				50D76E7F276B7C06007EF640 /* ContentView.swift */,
				508215A0276B901200D3A252 /* FishWindow.swift */,
				0FF99B3F276C6687007A2B7A /* BlankWindow.swift */,
				50CBC2E0276B94B0009733FF /* NoSleep.swift */,
				0F4A6DAC276BA4A30064FFEC /* DoNotDisturb.swift */,
				50D76E81276B7C07007EF640 /* Assets.xcassets */,
				50D76E86276B7C07007EF640 /* FishUpgrade.entitlements */,
				0F5DBE2C276C52080003BDA2 /* FishUpgradeStore.entitlements */,
				0F5DBE2D276C52CD0003BDA2 /* macos-focus-mode.shortcut */,
				CCCC6CED276C9C7800E244DA /* check_dnd_status_big_sur.sh */,
				CCCC6CEA276C9C3D00E244DA /* disable_dnd_big_sur.sh */,
				CCCC6CE9276C9C3D00E244DA /* enable_dnd_big_sur.sh */,
			);
			path = FishUpgrade;
			sourceTree = "<group>";
		};
/* End PBXGroup section */

/* Begin PBXNativeTarget section */
		0F5DBE1C276C51500003BDA2 /* FishUpgradeStore */ = {
			isa = PBXNativeTarget;
			buildConfigurationList = 0F5DBE28276C51500003BDA2 /* Build configuration list for PBXNativeTarget "FishUpgradeStore" */;
			buildPhases = (
				0F5DBE1D276C51500003BDA2 /* Sources */,
				0F5DBE24276C51500003BDA2 /* Frameworks */,
				0F5DBE25276C51500003BDA2 /* Resources */,
			);
			buildRules = (
			);
			dependencies = (
			);
			name = FishUpgradeStore;
			packageProductDependencies = (
			);
			productName = FishUpgrade;
			productReference = 0F5DBE2B276C51500003BDA2 /* FishUpgradeStore.app */;
			productType = "com.apple.product-type.application";
		};
		50D76E79276B7C06007EF640 /* FishUpgrade */ = {
			isa = PBXNativeTarget;
			buildConfigurationList = 50D76E89276B7C07007EF640 /* Build configuration list for PBXNativeTarget "FishUpgrade" */;
			buildPhases = (
				50D76E76276B7C06007EF640 /* Sources */,
				50D76E77276B7C06007EF640 /* Frameworks */,
				50D76E78276B7C06007EF640 /* Resources */,
			);
			buildRules = (
			);
			dependencies = (
			);
			name = FishUpgrade;
			packageProductDependencies = (
				0F5DBE36276C55F10003BDA2 /* AuxiliaryExecute */,
			);
			productName = FishUpgrade;
			productReference = 50D76E7A276B7C06007EF640 /* FishUpgrade.app */;
			productType = "com.apple.product-type.application";
		};
/* End PBXNativeTarget section */

/* Begin PBXProject section */
		50D76E72276B7C06007EF640 /* Project object */ = {
			isa = PBXProject;
			attributes = {
				BuildIndependentTargetsInParallel = 1;
				LastSwiftUpdateCheck = 1320;
				LastUpgradeCheck = 1320;
				TargetAttributes = {
					50D76E79276B7C06007EF640 = {
						CreatedOnToolsVersion = 13.2;
					};
				};
			};
			buildConfigurationList = 50D76E75276B7C06007EF640 /* Build configuration list for PBXProject "FishUpgrade" */;
			compatibilityVersion = "Xcode 13.0";
			developmentRegion = en;
			hasScannedForEncodings = 0;
			knownRegions = (
				en,
				Base,
			);
			mainGroup = 50D76E71276B7C06007EF640;
			packageReferences = (
				0F5DBE30276C55AB0003BDA2 /* XCRemoteSwiftPackageReference "AuxiliaryExecute" */,
			);
			productRefGroup = 50D76E7B276B7C06007EF640 /* Products */;
			projectDirPath = "";
			projectRoot = "";
			targets = (
				50D76E79276B7C06007EF640 /* FishUpgrade */,
				0F5DBE1C276C51500003BDA2 /* FishUpgradeStore */,
			);
		};
/* End PBXProject section */

/* Begin PBXResourcesBuildPhase section */
		0F5DBE25276C51500003BDA2 /* Resources */ = {
			isa = PBXResourcesBuildPhase;
			buildActionMask = 2147483647;
			files = (
				0F5DBE2F276C52CD0003BDA2 /* macos-focus-mode.shortcut in Resources */,
				0F5DBE27276C51500003BDA2 /* Assets.xcassets in Resources */,
			);
			runOnlyForDeploymentPostprocessing = 0;
		};
		50D76E78276B7C06007EF640 /* Resources */ = {
			isa = PBXResourcesBuildPhase;
			buildActionMask = 2147483647;
			files = (
				CCCC6CEE276C9C7800E244DA /* check_dnd_status_big_sur.sh in Resources */,
				CCCC6CEB276C9C3D00E244DA /* enable_dnd_big_sur.sh in Resources */,
				0F5DBE2E276C52CD0003BDA2 /* macos-focus-mode.shortcut in Resources */,
				50D76E82276B7C07007EF640 /* Assets.xcassets in Resources */,
				CCCC6CEC276C9C3D00E244DA /* disable_dnd_big_sur.sh in Resources */,
			);
			runOnlyForDeploymentPostprocessing = 0;
		};
/* End PBXResourcesBuildPhase section */

/* Begin PBXSourcesBuildPhase section */
		0F5DBE1D276C51500003BDA2 /* Sources */ = {
			isa = PBXSourcesBuildPhase;
			buildActionMask = 2147483647;
			files = (
				0F5DBE20276C51500003BDA2 /* ContentView.swift in Sources */,
				0FF99B41276C6687007A2B7A /* BlankWindow.swift in Sources */,
				0F5DBE21276C51500003BDA2 /* FishUpgradeApp.swift in Sources */,
				0F5DBE22276C51500003BDA2 /* NoSleep.swift in Sources */,
				0F5DBE23276C51500003BDA2 /* FishWindow.swift in Sources */,
			);
			runOnlyForDeploymentPostprocessing = 0;
		};
		50D76E76276B7C06007EF640 /* Sources */ = {
			isa = PBXSourcesBuildPhase;
			buildActionMask = 2147483647;
			files = (
				0FF99B40276C6687007A2B7A /* BlankWindow.swift in Sources */,
				0F4A6DAD276BA4A30064FFEC /* DoNotDisturb.swift in Sources */,
				50D76E80276B7C06007EF640 /* ContentView.swift in Sources */,
				50D76E7E276B7C06007EF640 /* FishUpgradeApp.swift in Sources */,
				50CBC2E1276B94B0009733FF /* NoSleep.swift in Sources */,
				508215A1276B901200D3A252 /* FishWindow.swift in Sources */,
			);
			runOnlyForDeploymentPostprocessing = 0;
		};
/* End PBXSourcesBuildPhase section */

/* Begin XCBuildConfiguration section */
		0F5DBE29276C51500003BDA2 /* Debug */ = {
			isa = XCBuildConfiguration;
			buildSettings = {
				ASSETCATALOG_COMPILER_APPICON_NAME = AppIcon;
				ASSETCATALOG_COMPILER_GLOBAL_ACCENT_COLOR_NAME = AccentColor;
				CODE_SIGN_ENTITLEMENTS = "$(PROJECT_NAME)/$(TARGET_NAME).entitlements";
				CODE_SIGN_STYLE = Automatic;
				COMBINE_HIDPI_IMAGES = YES;
				CURRENT_PROJECT_VERSION = 6;
				DEVELOPMENT_ASSET_PATHS = "";
				DEVELOPMENT_TEAM = "";
				ENABLE_HARDENED_RUNTIME = YES;
				ENABLE_PREVIEWS = YES;
				GENERATE_INFOPLIST_FILE = YES;
				INFOPLIST_FILE = "FishUpgradeStore-Info.plist";
				INFOPLIST_KEY_CFBundleDisplayName = "开心摸鱼";
				INFOPLIST_KEY_LSApplicationCategoryType = "public.app-category.lifestyle";
				INFOPLIST_KEY_NSHumanReadableCopyright = "Copyright © 2021 Lakr Aream. All rights reserved.";
				LD_RUNPATH_SEARCH_PATHS = (
					"$(inherited)",
					"@executable_path/../Frameworks",
				);
				MARKETING_VERSION = 1.0;
				OTHER_SWIFT_FLAGS = "-D DEBUG -D SANDBOX";
				PRODUCT_BUNDLE_IDENTIFIER = wiki.qaq.FishUpgrade;
				PRODUCT_NAME = "$(TARGET_NAME)";
				SWIFT_EMIT_LOC_STRINGS = YES;
				SWIFT_VERSION = 5.0;
			};
			name = Debug;
		};
		0F5DBE2A276C51500003BDA2 /* Release */ = {
			isa = XCBuildConfiguration;
			buildSettings = {
				ASSETCATALOG_COMPILER_APPICON_NAME = AppIcon;
				ASSETCATALOG_COMPILER_GLOBAL_ACCENT_COLOR_NAME = AccentColor;
				CODE_SIGN_ENTITLEMENTS = "$(PROJECT_NAME)/$(TARGET_NAME).entitlements";
				CODE_SIGN_IDENTITY = "-";
				CODE_SIGN_STYLE = Manual;
				COMBINE_HIDPI_IMAGES = YES;
				CURRENT_PROJECT_VERSION = 6;
				DEVELOPMENT_ASSET_PATHS = "";
				DEVELOPMENT_TEAM = "";
				ENABLE_HARDENED_RUNTIME = YES;
				ENABLE_PREVIEWS = YES;
				GENERATE_INFOPLIST_FILE = YES;
				INFOPLIST_FILE = "FishUpgradeStore-Info.plist";
				INFOPLIST_KEY_CFBundleDisplayName = "开心摸鱼";
				INFOPLIST_KEY_LSApplicationCategoryType = "public.app-category.lifestyle";
				INFOPLIST_KEY_NSHumanReadableCopyright = "Copyright © 2021 Lakr Aream. All rights reserved.";
				LD_RUNPATH_SEARCH_PATHS = (
					"$(inherited)",
					"@executable_path/../Frameworks",
				);
				MARKETING_VERSION = 1.0;
				OTHER_SWIFT_FLAGS = "-D SANDBOX";
				PRODUCT_BUNDLE_IDENTIFIER = wiki.qaq.FishUpgrade;
				PRODUCT_NAME = "$(TARGET_NAME)";
				PROVISIONING_PROFILE_SPECIFIER = "";
				SWIFT_EMIT_LOC_STRINGS = YES;
				SWIFT_VERSION = 5.0;
			};
			name = Release;
		};
		50D76E87276B7C07007EF640 /* Debug */ = {
			isa = XCBuildConfiguration;
			buildSettings = {
				ALWAYS_SEARCH_USER_PATHS = NO;
				CLANG_ANALYZER_NONNULL = YES;
				CLANG_ANALYZER_NUMBER_OBJECT_CONVERSION = YES_AGGRESSIVE;
				CLANG_CXX_LANGUAGE_STANDARD = "gnu++17";
				CLANG_CXX_LIBRARY = "libc++";
				CLANG_ENABLE_MODULES = YES;
				CLANG_ENABLE_OBJC_ARC = YES;
				CLANG_ENABLE_OBJC_WEAK = YES;
				CLANG_WARN_BLOCK_CAPTURE_AUTORELEASING = YES;
				CLANG_WARN_BOOL_CONVERSION = YES;
				CLANG_WARN_COMMA = YES;
				CLANG_WARN_CONSTANT_CONVERSION = YES;
				CLANG_WARN_DEPRECATED_OBJC_IMPLEMENTATIONS = YES;
				CLANG_WARN_DIRECT_OBJC_ISA_USAGE = YES_ERROR;
				CLANG_WARN_DOCUMENTATION_COMMENTS = YES;
				CLANG_WARN_EMPTY_BODY = YES;
				CLANG_WARN_ENUM_CONVERSION = YES;
				CLANG_WARN_INFINITE_RECURSION = YES;
				CLANG_WARN_INT_CONVERSION = YES;
				CLANG_WARN_NON_LITERAL_NULL_CONVERSION = YES;
				CLANG_WARN_OBJC_IMPLICIT_RETAIN_SELF = YES;
				CLANG_WARN_OBJC_LITERAL_CONVERSION = YES;
				CLANG_WARN_OBJC_ROOT_CLASS = YES_ERROR;
				CLANG_WARN_QUOTED_INCLUDE_IN_FRAMEWORK_HEADER = YES;
				CLANG_WARN_RANGE_LOOP_ANALYSIS = YES;
				CLANG_WARN_STRICT_PROTOTYPES = YES;
				CLANG_WARN_SUSPICIOUS_MOVE = YES;
				CLANG_WARN_UNGUARDED_AVAILABILITY = YES_AGGRESSIVE;
				CLANG_WARN_UNREACHABLE_CODE = YES;
				CLANG_WARN__DUPLICATE_METHOD_MATCH = YES;
				COPY_PHASE_STRIP = NO;
				DEBUG_INFORMATION_FORMAT = dwarf;
				ENABLE_STRICT_OBJC_MSGSEND = YES;
				ENABLE_TESTABILITY = YES;
				GCC_C_LANGUAGE_STANDARD = gnu11;
				GCC_DYNAMIC_NO_PIC = NO;
				GCC_NO_COMMON_BLOCKS = YES;
				GCC_OPTIMIZATION_LEVEL = 0;
				GCC_PREPROCESSOR_DEFINITIONS = (
					"DEBUG=1",
					"$(inherited)",
				);
				GCC_WARN_64_TO_32_BIT_CONVERSION = YES;
				GCC_WARN_ABOUT_RETURN_TYPE = YES_ERROR;
				GCC_WARN_UNDECLARED_SELECTOR = YES;
				GCC_WARN_UNINITIALIZED_AUTOS = YES_AGGRESSIVE;
				GCC_WARN_UNUSED_FUNCTION = YES;
				GCC_WARN_UNUSED_VARIABLE = YES;
				MACOSX_DEPLOYMENT_TARGET = 11.0;
				MTL_ENABLE_DEBUG_INFO = INCLUDE_SOURCE;
				MTL_FAST_MATH = YES;
				ONLY_ACTIVE_ARCH = YES;
				SDKROOT = macosx;
				SWIFT_ACTIVE_COMPILATION_CONDITIONS = DEBUG;
				SWIFT_OPTIMIZATION_LEVEL = "-Onone";
			};
			name = Debug;
		};
		50D76E88276B7C07007EF640 /* Release */ = {
			isa = XCBuildConfiguration;
			buildSettings = {
				ALWAYS_SEARCH_USER_PATHS = NO;
				CLANG_ANALYZER_NONNULL = YES;
				CLANG_ANALYZER_NUMBER_OBJECT_CONVERSION = YES_AGGRESSIVE;
				CLANG_CXX_LANGUAGE_STANDARD = "gnu++17";
				CLANG_CXX_LIBRARY = "libc++";
				CLANG_ENABLE_MODULES = YES;
				CLANG_ENABLE_OBJC_ARC = YES;
				CLANG_ENABLE_OBJC_WEAK = YES;
				CLANG_WARN_BLOCK_CAPTURE_AUTORELEASING = YES;
				CLANG_WARN_BOOL_CONVERSION = YES;
				CLANG_WARN_COMMA = YES;
				CLANG_WARN_CONSTANT_CONVERSION = YES;
				CLANG_WARN_DEPRECATED_OBJC_IMPLEMENTATIONS = YES;
				CLANG_WARN_DIRECT_OBJC_ISA_USAGE = YES_ERROR;
				CLANG_WARN_DOCUMENTATION_COMMENTS = YES;
				CLANG_WARN_EMPTY_BODY = YES;
				CLANG_WARN_ENUM_CONVERSION = YES;
				CLANG_WARN_INFINITE_RECURSION = YES;
				CLANG_WARN_INT_CONVERSION = YES;
				CLANG_WARN_NON_LITERAL_NULL_CONVERSION = YES;
				CLANG_WARN_OBJC_IMPLICIT_RETAIN_SELF = YES;
				CLANG_WARN_OBJC_LITERAL_CONVERSION = YES;
				CLANG_WARN_OBJC_ROOT_CLASS = YES_ERROR;
				CLANG_WARN_QUOTED_INCLUDE_IN_FRAMEWORK_HEADER = YES;
				CLANG_WARN_RANGE_LOOP_ANALYSIS = YES;
				CLANG_WARN_STRICT_PROTOTYPES = YES;
				CLANG_WARN_SUSPICIOUS_MOVE = YES;
				CLANG_WARN_UNGUARDED_AVAILABILITY = YES_AGGRESSIVE;
				CLANG_WARN_UNREACHABLE_CODE = YES;
				CLANG_WARN__DUPLICATE_METHOD_MATCH = YES;
				COPY_PHASE_STRIP = NO;
				DEBUG_INFORMATION_FORMAT = "dwarf-with-dsym";
				ENABLE_NS_ASSERTIONS = NO;
				ENABLE_STRICT_OBJC_MSGSEND = YES;
				GCC_C_LANGUAGE_STANDARD = gnu11;
				GCC_NO_COMMON_BLOCKS = YES;
				GCC_WARN_64_TO_32_BIT_CONVERSION = YES;
				GCC_WARN_ABOUT_RETURN_TYPE = YES_ERROR;
				GCC_WARN_UNDECLARED_SELECTOR = YES;
				GCC_WARN_UNINITIALIZED_AUTOS = YES_AGGRESSIVE;
				GCC_WARN_UNUSED_FUNCTION = YES;
				GCC_WARN_UNUSED_VARIABLE = YES;
				MACOSX_DEPLOYMENT_TARGET = 11.0;
				MTL_ENABLE_DEBUG_INFO = NO;
				MTL_FAST_MATH = YES;
				SDKROOT = macosx;
				SWIFT_COMPILATION_MODE = wholemodule;
				SWIFT_OPTIMIZATION_LEVEL = "-O";
			};
			name = Release;
		};
		50D76E8A276B7C07007EF640 /* Debug */ = {
			isa = XCBuildConfiguration;
			buildSettings = {
				ASSETCATALOG_COMPILER_APPICON_NAME = AppIcon;
				ASSETCATALOG_COMPILER_GLOBAL_ACCENT_COLOR_NAME = AccentColor;
				CODE_SIGN_ENTITLEMENTS = "$(PROJECT_NAME)/$(TARGET_NAME).entitlements";
				CODE_SIGN_STYLE = Automatic;
				COMBINE_HIDPI_IMAGES = YES;
				CURRENT_PROJECT_VERSION = 1;
				DEVELOPMENT_ASSET_PATHS = "";
				DEVELOPMENT_TEAM = "";
				ENABLE_HARDENED_RUNTIME = YES;
				ENABLE_PREVIEWS = YES;
				GENERATE_INFOPLIST_FILE = YES;
				INFOPLIST_KEY_CFBundleDisplayName = "开心摸鱼";
				INFOPLIST_KEY_LSApplicationCategoryType = "public.app-category.lifestyle";
				INFOPLIST_KEY_NSHumanReadableCopyright = "";
				LD_RUNPATH_SEARCH_PATHS = (
					"$(inherited)",
					"@executable_path/../Frameworks",
				);
				MARKETING_VERSION = 1.2;
				OTHER_SWIFT_FLAGS = "-D DEBUG";
				PRODUCT_BUNDLE_IDENTIFIER = wiki.qaq.FishUpgrade;
				PRODUCT_NAME = "$(TARGET_NAME)";
				SWIFT_EMIT_LOC_STRINGS = YES;
				SWIFT_VERSION = 5.0;
			};
			name = Debug;
		};
		50D76E8B276B7C07007EF640 /* Release */ = {
			isa = XCBuildConfiguration;
			buildSettings = {
				ASSETCATALOG_COMPILER_APPICON_NAME = AppIcon;
				ASSETCATALOG_COMPILER_GLOBAL_ACCENT_COLOR_NAME = AccentColor;
				CODE_SIGN_ENTITLEMENTS = "$(PROJECT_NAME)/$(TARGET_NAME).entitlements";
				CODE_SIGN_IDENTITY = "-";
				CODE_SIGN_STYLE = Manual;
				COMBINE_HIDPI_IMAGES = YES;
				CURRENT_PROJECT_VERSION = 1;
				DEVELOPMENT_ASSET_PATHS = "";
				DEVELOPMENT_TEAM = "";
				ENABLE_HARDENED_RUNTIME = YES;
				ENABLE_PREVIEWS = YES;
				GENERATE_INFOPLIST_FILE = YES;
				INFOPLIST_KEY_CFBundleDisplayName = "开心摸鱼";
				INFOPLIST_KEY_LSApplicationCategoryType = "public.app-category.lifestyle";
				INFOPLIST_KEY_NSHumanReadableCopyright = "";
				LD_RUNPATH_SEARCH_PATHS = (
					"$(inherited)",
					"@executable_path/../Frameworks",
				);
				MARKETING_VERSION = 1.2;
				PRODUCT_BUNDLE_IDENTIFIER = wiki.qaq.FishUpgrade;
				PRODUCT_NAME = "$(TARGET_NAME)";
				PROVISIONING_PROFILE_SPECIFIER = "";
				SWIFT_EMIT_LOC_STRINGS = YES;
				SWIFT_VERSION = 5.0;
			};
			name = Release;
		};
/* End XCBuildConfiguration section */

/* Begin XCConfigurationList section */
		0F5DBE28276C51500003BDA2 /* Build configuration list for PBXNativeTarget "FishUpgradeStore" */ = {
			isa = XCConfigurationList;
			buildConfigurations = (
				0F5DBE29276C51500003BDA2 /* Debug */,
				0F5DBE2A276C51500003BDA2 /* Release */,
			);
			defaultConfigurationIsVisible = 0;
			defaultConfigurationName = Release;
		};
		50D76E75276B7C06007EF640 /* Build configuration list for PBXProject "FishUpgrade" */ = {
			isa = XCConfigurationList;
			buildConfigurations = (
				50D76E87276B7C07007EF640 /* Debug */,
				50D76E88276B7C07007EF640 /* Release */,
			);
			defaultConfigurationIsVisible = 0;
			defaultConfigurationName = Release;
		};
		50D76E89276B7C07007EF640 /* Build configuration list for PBXNativeTarget "FishUpgrade" */ = {
			isa = XCConfigurationList;
			buildConfigurations = (
				50D76E8A276B7C07007EF640 /* Debug */,
				50D76E8B276B7C07007EF640 /* Release */,
			);
			defaultConfigurationIsVisible = 0;
			defaultConfigurationName = Release;
		};
/* End XCConfigurationList section */

/* Begin XCRemoteSwiftPackageReference section */
		0F5DBE30276C55AB0003BDA2 /* XCRemoteSwiftPackageReference "AuxiliaryExecute" */ = {
			isa = XCRemoteSwiftPackageReference;
			repositoryURL = "https://github.com/Co2333/AuxiliaryExecute.git";
			requirement = {
				kind = upToNextMajorVersion;
				minimumVersion = 1.0.0;
			};
		};
/* End XCRemoteSwiftPackageReference section */

/* Begin XCSwiftPackageProductDependency section */
		0F5DBE36276C55F10003BDA2 /* AuxiliaryExecute */ = {
			isa = XCSwiftPackageProductDependency;
			package = 0F5DBE30276C55AB0003BDA2 /* XCRemoteSwiftPackageReference "AuxiliaryExecute" */;
			productName = AuxiliaryExecute;
		};
/* End XCSwiftPackageProductDependency section */
	};
	rootObject = 50D76E72276B7C06007EF640 /* Project object */;
}
