// !$*UTF8*$!
{
	archiveVersion = 1;
	classes = {
	};
	objectVersion = 55;
	objects = {

/* Begin PBXBuildFile section */
		508215A1276B901200D3A252 /* FishWindow.swift in Sources */ = {isa = PBXBuildFile; fileRef = 508215A0276B901200D3A252 /* FishWindow.swift */; };
		50CBC2E1276B94B0009733FF /* NoSleep.swift in Sources */ = {isa = PBXBuildFile; fileRef = 50CBC2E0276B94B0009733FF /* NoSleep.swift */; };
		50D76E7E276B7C06007EF640 /* FishUpgradeApp.swift in Sources */ = {isa = PBXBuildFile; fileRef = 50D76E7D276B7C06007EF640 /* FishUpgradeApp.swift */; };
		50D76E80276B7C06007EF640 /* ContentView.swift in Sources */ = {isa = PBXBuildFile; fileRef = 50D76E7F276B7C06007EF640 /* ContentView.swift */; };
		50D76E82276B7C07007EF640 /* Assets.xcassets in Resources */ = {isa = PBXBuildFile; fileRef = 50D76E81276B7C07007EF640 /* Assets.xcassets */; };
		50D76E85276B7C07007EF640 /* Preview Assets.xcassets in Resources */ = {isa = PBXBuildFile; fileRef = 50D76E84276B7C07007EF640 /* Preview Assets.xcassets */; };
/* End PBXBuildFile section */

/* Begin PBXFileReference section */
		508215A0276B901200D3A252 /* FishWindow.swift */ = {isa = PBXFileReference; lastKnownFileType = sourcecode.swift; path = FishWindow.swift; sourceTree = "<group>"; };
		50CBC2E0276B94B0009733FF /* NoSleep.swift */ = {isa = PBXFileReference; lastKnownFileType = sourcecode.swift; path = NoSleep.swift; sourceTree = "<group>"; };
		50D76E7A276B7C06007EF640 /* FishUpgrade.app */ = {isa = PBXFileReference; explicitFileType = wrapper.application; includeInIndex = 0; path = FishUpgrade.app; sourceTree = BUILT_PRODUCTS_DIR; };
		50D76E7D276B7C06007EF640 /* FishUpgradeApp.swift */ = {isa = PBXFileReference; lastKnownFileType = sourcecode.swift; path = FishUpgradeApp.swift; sourceTree = "<group>"; };
		50D76E7F276B7C06007EF640 /* ContentView.swift */ = {isa = PBXFileReference; lastKnownFileType = sourcecode.swift; path = ContentView.swift; sourceTree = "<group>"; };
		50D76E81276B7C07007EF640 /* Assets.xcassets */ = {isa = PBXFileReference; lastKnownFileType = folder.assetcatalog; path = Assets.xcassets; sourceTree = "<group>"; };
		50D76E84276B7C07007EF640 /* Preview Assets.xcassets */ = {isa = PBXFileReference; lastKnownFileType = folder.assetcatalog; path = "Preview Assets.xcassets"; sourceTree = "<group>"; };
		50D76E86276B7C07007EF640 /* FishUpgrade.entitlements */ = {isa = PBXFileReference; lastKnownFileType = text.plist.entitlements; path = FishUpgrade.entitlements; sourceTree = "<group>"; };
/* End PBXFileReference section */

/* Begin PBXFrameworksBuildPhase section */
		50D76E77276B7C06007EF640 /* Frameworks */ = {
			isa = PBXFrameworksBuildPhase;
			buildActionMask = 2147483647;
			files = (
			);
			runOnlyForDeploymentPostprocessing = 0;
		};
/* End PBXFrameworksBuildPhase section */

/* Begin PBXGroup section */
		50D76E71276B7C06007EF640 = {
			isa = PBXGroup;
			children = (
				50D76E7C276B7C06007EF640 /* FishUpgrade */,
				50D76E7B276B7C06007EF640 /* Products */,
			);
			sourceTree = "<group>";
		};
		50D76E7B276B7C06007EF640 /* Products */ = {
			isa = PBXGroup;
			children = (
				50D76E7A276B7C06007EF640 /* FishUpgrade.app */,
			);
			name = Products;
			sourceTree = "<group>";
		};
		50D76E7C276B7C06007EF640 /* FishUpgrade */ = {
			isa = PBXGroup;
			children = (
				50D76E7D276B7C06007EF640 /* FishUpgradeApp.swift */,
				50D76E7F276B7C06007EF640 /* ContentView.swift */,
				508215A0276B901200D3A252 /* FishWindow.swift */,
				50CBC2E0276B94B0009733FF /* NoSleep.swift */,
				50D76E81276B7C07007EF640 /* Assets.xcassets */,
				50D76E86276B7C07007EF640 /* FishUpgrade.entitlements */,
				50D76E83276B7C07007EF640 /* Preview Content */,
			);
			path = FishUpgrade;
			sourceTree = "<group>";
		};
		50D76E83276B7C07007EF640 /* Preview Content */ = {
			isa = PBXGroup;
			children = (
				50D76E84276B7C07007EF640 /* Preview Assets.xcassets */,
			);
			path = "Preview Content";
			sourceTree = "<group>";
		};
/* End PBXGroup section */

/* Begin PBXNativeTarget section */
		50D76E79276B7C06007EF640 /* FishUpgrade */ = {
			isa = PBXNativeTarget;
			buildConfigurationList = 50D76E89276B7C07007EF640 /* Build configuration list for PBXNativeTarget "FishUpgrade" */;
			buildPhases = (
				50D76E76276B7C06007EF640 /* Sources */,
				50D76E77276B7C06007EF640 /* Frameworks */,
				50D76E78276B7C06007EF640 /* Resources */,
			);
			buildRules = (
			);
			dependencies = (
			);
			name = FishUpgrade;
			productName = FishUpgrade;
			productReference = 50D76E7A276B7C06007EF640 /* FishUpgrade.app */;
			productType = "com.apple.product-type.application";
		};
/* End PBXNativeTarget section */

/* Begin PBXProject section */
		50D76E72276B7C06007EF640 /* Project object */ = {
			isa = PBXProject;
			attributes = {
				BuildIndependentTargetsInParallel = 1;
				LastSwiftUpdateCheck = 1320;
				LastUpgradeCheck = 1320;
				TargetAttributes = {
					50D76E79276B7C06007EF640 = {
						CreatedOnToolsVersion = 13.2;
					};
				};
			};
			buildConfigurationList = 50D76E75276B7C06007EF640 /* Build configuration list for PBXProject "FishUpgrade" */;
			compatibilityVersion = "Xcode 13.0";
			developmentRegion = en;
			hasScannedForEncodings = 0;
			knownRegions = (
				en,
				Base,
			);
			mainGroup = 50D76E71276B7C06007EF640;
			productRefGroup = 50D76E7B276B7C06007EF640 /* Products */;
			projectDirPath = "";
			projectRoot = "";
			targets = (
				50D76E79276B7C06007EF640 /* FishUpgrade */,
			);
		};
/* End PBXProject section */

/* Begin PBXResourcesBuildPhase section */
		50D76E78276B7C06007EF640 /* Resources */ = {
			isa = PBXResourcesBuildPhase;
			buildActionMask = 2147483647;
			files = (
				50D76E85276B7C07007EF640 /* Preview Assets.xcassets in Resources */,
				50D76E82276B7C07007EF640 /* Assets.xcassets in Resources */,
			);
			runOnlyForDeploymentPostprocessing = 0;
		};
/* End PBXResourcesBuildPhase section */

/* Begin PBXSourcesBuildPhase section */
		50D76E76276B7C06007EF640 /* Sources */ = {
			isa = PBXSourcesBuildPhase;
			buildActionMask = 2147483647;
			files = (
				50D76E80276B7C06007EF640 /* ContentView.swift in Sources */,
				50D76E7E276B7C06007EF640 /* FishUpgradeApp.swift in Sources */,
				50CBC2E1276B94B0009733FF /* NoSleep.swift in Sources */,
				508215A1276B901200D3A252 /* FishWindow.swift in Sources */,
			);
			runOnlyForDeploymentPostprocessing = 0;
		};
/* End PBXSourcesBuildPhase section */

/* Begin XCBuildConfiguration section */
		50D76E87276B7C07007EF640 /* Debug */ = {
			isa = XCBuildConfiguration;
			buildSettings = {
				ALWAYS_SEARCH_USER_PATHS = NO;
				CLANG_ANALYZER_NONNULL = YES;
				CLANG_ANALYZER_NUMBER_OBJECT_CONVERSION = YES_AGGRESSIVE;
				CLANG_CXX_LANGUAGE_STANDARD = "gnu++17";
				CLANG_CXX_LIBRARY = "libc++";
				CLANG_ENABLE_MODULES = YES;
				CLANG_ENABLE_OBJC_ARC = YES;
				CLANG_ENABLE_OBJC_WEAK = YES;
				CLANG_WARN_BLOCK_CAPTURE_AUTORELEASING = YES;
				CLANG_WARN_BOOL_CONVERSION = YES;
				CLANG_WARN_COMMA = YES;
				CLANG_WARN_CONSTANT_CONVERSION = YES;
				CLANG_WARN_DEPRECATED_OBJC_IMPLEMENTATIONS = YES;
				CLANG_WARN_DIRECT_OBJC_ISA_USAGE = YES_ERROR;
				CLANG_WARN_DOCUMENTATION_COMMENTS = YES;
				CLANG_WARN_EMPTY_BODY = YES;
				CLANG_WARN_ENUM_CONVERSION = YES;
				CLANG_WARN_INFINITE_RECURSION = YES;
				CLANG_WARN_INT_CONVERSION = YES;
				CLANG_WARN_NON_LITERAL_NULL_CONVERSION = YES;
				CLANG_WARN_OBJC_IMPLICIT_RETAIN_SELF = YES;
				CLANG_WARN_OBJC_LITERAL_CONVERSION = YES;
				CLANG_WARN_OBJC_ROOT_CLASS = YES_ERROR;
				CLANG_WARN_QUOTED_INCLUDE_IN_FRAMEWORK_HEADER = YES;
				CLANG_WARN_RANGE_LOOP_ANALYSIS = YES;
				CLANG_WARN_STRICT_PROTOTYPES = YES;
				CLANG_WARN_SUSPICIOUS_MOVE = YES;
				CLANG_WARN_UNGUARDED_AVAILABILITY = YES_AGGRESSIVE;
				CLANG_WARN_UNREACHABLE_CODE = YES;
				CLANG_WARN__DUPLICATE_METHOD_MATCH = YES;
				COPY_PHASE_STRIP = NO;
				DEBUG_INFORMATION_FORMAT = dwarf;
				ENABLE_STRICT_OBJC_MSGSEND = YES;
				ENABLE_TESTABILITY = YES;
				GCC_C_LANGUAGE_STANDARD = gnu11;
				GCC_DYNAMIC_NO_PIC = NO;
				GCC_NO_COMMON_BLOCKS = YES;
				GCC_OPTIMIZATION_LEVEL = 0;
				GCC_PREPROCESSOR_DEFINITIONS = (
					"DEBUG=1",
					"$(inherited)",
				);
				GCC_WARN_64_TO_32_BIT_CONVERSION = YES;
				GCC_WARN_ABOUT_RETURN_TYPE = YES_ERROR;
				GCC_WARN_UNDECLARED_SELECTOR = YES;
				GCC_WARN_UNINITIALIZED_AUTOS = YES_AGGRESSIVE;
				GCC_WARN_UNUSED_FUNCTION = YES;
				GCC_WARN_UNUSED_VARIABLE = YES;
				MACOSX_DEPLOYMENT_TARGET = 12.1;
				MTL_ENABLE_DEBUG_INFO = INCLUDE_SOURCE;
				MTL_FAST_MATH = YES;
				ONLY_ACTIVE_ARCH = YES;
				SDKROOT = macosx;
				SWIFT_ACTIVE_COMPILATION_CONDITIONS = DEBUG;
				SWIFT_OPTIMIZATION_LEVEL = "-Onone";
			};
			name = Debug;
		};
		50D76E88276B7C07007EF640 /* Release */ = {
			isa = XCBuildConfiguration;
			buildSettings = {
				ALWAYS_SEARCH_USER_PATHS = NO;
				CLANG_ANALYZER_NONNULL = YES;
				CLANG_ANALYZER_NUMBER_OBJECT_CONVERSION = YES_AGGRESSIVE;
				CLANG_CXX_LANGUAGE_STANDARD = "gnu++17";
				CLANG_CXX_LIBRARY = "libc++";
				CLANG_ENABLE_MODULES = YES;
				CLANG_ENABLE_OBJC_ARC = YES;
				CLANG_ENABLE_OBJC_WEAK = YES;
				CLANG_WARN_BLOCK_CAPTURE_AUTORELEASING = YES;
				CLANG_WARN_BOOL_CONVERSION = YES;
				CLANG_WARN_COMMA = YES;
				CLANG_WARN_CONSTANT_CONVERSION = YES;
				CLANG_WARN_DEPRECATED_OBJC_IMPLEMENTATIONS = YES;
				CLANG_WARN_DIRECT_OBJC_ISA_USAGE = YES_ERROR;
				CLANG_WARN_DOCUMENTATION_COMMENTS = YES;
				CLANG_WARN_EMPTY_BODY = YES;
				CLANG_WARN_ENUM_CONVERSION = YES;
				CLANG_WARN_INFINITE_RECURSION = YES;
				CLANG_WARN_INT_CONVERSION = YES;
				CLANG_WARN_NON_LITERAL_NULL_CONVERSION = YES;
				CLANG_WARN_OBJC_IMPLICIT_RETAIN_SELF = YES;
				CLANG_WARN_OBJC_LITERAL_CONVERSION = YES;
				CLANG_WARN_OBJC_ROOT_CLASS = YES_ERROR;
				CLANG_WARN_QUOTED_INCLUDE_IN_FRAMEWORK_HEADER = YES;
				CLANG_WARN_RANGE_LOOP_ANALYSIS = YES;
				CLANG_WARN_STRICT_PROTOTYPES = YES;
				CLANG_WARN_SUSPICIOUS_MOVE = YES;
				CLANG_WARN_UNGUARDED_AVAILABILITY = YES_AGGRESSIVE;
				CLANG_WARN_UNREACHABLE_CODE = YES;
				CLANG_WARN__DUPLICATE_METHOD_MATCH = YES;
				COPY_PHASE_STRIP = NO;
				DEBUG_INFORMATION_FORMAT = "dwarf-with-dsym";
				ENABLE_NS_ASSERTIONS = NO;
				ENABLE_STRICT_OBJC_MSGSEND = YES;
				GCC_C_LANGUAGE_STANDARD = gnu11;
				GCC_NO_COMMON_BLOCKS = YES;
				GCC_WARN_64_TO_32_BIT_CONVERSION = YES;
				GCC_WARN_ABOUT_RETURN_TYPE = YES_ERROR;
				GCC_WARN_UNDECLARED_SELECTOR = YES;
				GCC_WARN_UNINITIALIZED_AUTOS = YES_AGGRESSIVE;
				GCC_WARN_UNUSED_FUNCTION = YES;
				GCC_WARN_UNUSED_VARIABLE = YES;
				MACOSX_DEPLOYMENT_TARGET = 12.1;
				MTL_ENABLE_DEBUG_INFO = NO;
				MTL_FAST_MATH = YES;
				SDKROOT = macosx;
				SWIFT_COMPILATION_MODE = wholemodule;
				SWIFT_OPTIMIZATION_LEVEL = "-O";
			};
			name = Release;
		};
		50D76E8A276B7C07007EF640 /* Debug */ = {
			isa = XCBuildConfiguration;
			buildSettings = {
				ASSETCATALOG_COMPILER_APPICON_NAME = AppIcon;
				ASSETCATALOG_COMPILER_GLOBAL_ACCENT_COLOR_NAME = AccentColor;
				CODE_SIGN_ENTITLEMENTS = FishUpgrade/FishUpgrade.entitlements;
				CODE_SIGN_STYLE = Automatic;
				COMBINE_HIDPI_IMAGES = YES;
				CURRENT_PROJECT_VERSION = 2;
				DEVELOPMENT_ASSET_PATHS = "\"FishUpgrade/Preview Content\"";
				DEVELOPMENT_TEAM = M4Z5DVY94F;
				ENABLE_HARDENED_RUNTIME = YES;
				ENABLE_PREVIEWS = YES;
				GENERATE_INFOPLIST_FILE = YES;
				INFOPLIST_KEY_LSApplicationCategoryType = "public.app-category.lifestyle";
				INFOPLIST_KEY_NSHumanReadableCopyright = "";
				LD_RUNPATH_SEARCH_PATHS = (
					"$(inherited)",
					"@executable_path/../Frameworks",
				);
				MACOSX_DEPLOYMENT_TARGET = 11.0;
				MARKETING_VERSION = 1.0;
				PRODUCT_BUNDLE_IDENTIFIER = wiki.qaq.FishUpgrade;
				PRODUCT_NAME = "$(TARGET_NAME)";
				SWIFT_EMIT_LOC_STRINGS = YES;
				SWIFT_VERSION = 5.0;
			};
			name = Debug;
		};
		50D76E8B276B7C07007EF640 /* Release */ = {
			isa = XCBuildConfiguration;
			buildSettings = {
				ASSETCATALOG_COMPILER_APPICON_NAME = AppIcon;
				ASSETCATALOG_COMPILER_GLOBAL_ACCENT_COLOR_NAME = AccentColor;
				CODE_SIGN_ENTITLEMENTS = FishUpgrade/FishUpgrade.entitlements;
				CODE_SIGN_IDENTITY = "-";
				CODE_SIGN_STYLE = Manual;
				COMBINE_HIDPI_IMAGES = YES;
				CURRENT_PROJECT_VERSION = 2;
				DEVELOPMENT_ASSET_PATHS = "\"FishUpgrade/Preview Content\"";
				DEVELOPMENT_TEAM = "";
				ENABLE_HARDENED_RUNTIME = YES;
				ENABLE_PREVIEWS = YES;
				GENERATE_INFOPLIST_FILE = YES;
				INFOPLIST_KEY_LSApplicationCategoryType = "public.app-category.lifestyle";
				INFOPLIST_KEY_NSHumanReadableCopyright = "";
				LD_RUNPATH_SEARCH_PATHS = (
					"$(inherited)",
					"@executable_path/../Frameworks",
				);
				MACOSX_DEPLOYMENT_TARGET = 11.0;
				MARKETING_VERSION = 1.0;
				PRODUCT_BUNDLE_IDENTIFIER = wiki.qaq.FishUpgrade;
				PRODUCT_NAME = "$(TARGET_NAME)";
				PROVISIONING_PROFILE_SPECIFIER = "";
				SWIFT_EMIT_LOC_STRINGS = YES;
				SWIFT_VERSION = 5.0;
			};
			name = Release;
		};
/* End XCBuildConfiguration section */

/* Begin XCConfigurationList section */
		50D76E75276B7C06007EF640 /* Build configuration list for PBXProject "FishUpgrade" */ = {
			isa = XCConfigurationList;
			buildConfigurations = (
				50D76E87276B7C07007EF640 /* Debug */,
				50D76E88276B7C07007EF640 /* Release */,
			);
			defaultConfigurationIsVisible = 0;
			defaultConfigurationName = Release;
		};
		50D76E89276B7C07007EF640 /* Build configuration list for PBXNativeTarget "FishUpgrade" */ = {
			isa = XCConfigurationList;
			buildConfigurations = (
				50D76E8A276B7C07007EF640 /* Debug */,
				50D76E8B276B7C07007EF640 /* Release */,
			);
			defaultConfigurationIsVisible = 0;
			defaultConfigurationName = Release;
		};
/* End XCConfigurationList section */
	};
	rootObject = 50D76E72276B7C06007EF640 /* Project object */;
}
